
Microsoft Visual Studio Solution File, Format Version 12.00
# Visual Studio Version 17
VisualStudioVersion = 17.4.33205.214
MinimumVisualStudioVersion = 10.0.40219.1
Project("{FAE04EC0-301F-11D3-BF4B-00C04F79EFBC}") = "KitapUygulaması", "KitapUygulaması\KitapUygulaması.csproj", "{24B2A0E6-0B6A-4DEE-B185-AC56F0EDD6AB}"
EndProject
Project("{FAE04EC0-301F-11D3-BF4B-00C04F79EFBC}") = "KitapUygulaması.Data", "KitapUygulaması.Data\KitapUygulaması.Data.csproj", "{DD043BA9-F512-482A-B2CD-6519A90CA3D7}"
EndProject
Global
	GlobalSection(SolutionConfigurationPlatforms) = preSolution
		Debug|Any CPU = Debug|Any CPU
		Release|Any CPU = Release|Any CPU
	EndGlobalSection
	GlobalSection(ProjectConfigurationPlatforms) = postSolution
		{24B2A0E6-0B6A-4DEE-B185-AC56F0EDD6AB}.Debug|Any CPU.ActiveCfg = Debug|Any CPU
		{24B2A0E6-0B6A-4DEE-B185-AC56F0EDD6AB}.Debug|Any CPU.Build.0 = Debug|Any CPU
		{24B2A0E6-0B6A-4DEE-B185-AC56F0EDD6AB}.Release|Any CPU.ActiveCfg = Release|Any CPU
		{24B2A0E6-0B6A-4DEE-B185-AC56F0EDD6AB}.Release|Any CPU.Build.0 = Release|Any CPU
		{DD043BA9-F512-482A-B2CD-6519A90CA3D7}.Debug|Any CPU.ActiveCfg = Debug|Any CPU
		{DD043BA9-F512-482A-B2CD-6519A90CA3D7}.Debug|Any CPU.Build.0 = Debug|Any CPU
		{DD043BA9-F512-482A-B2CD-6519A90CA3D7}.Release|Any CPU.ActiveCfg = Release|Any CPU
		{DD043BA9-F512-482A-B2CD-6519A90CA3D7}.Release|Any CPU.Build.0 = Release|Any CPU
	EndGlobalSection
	GlobalSection(SolutionProperties) = preSolution
		HideSolutionNode = FALSE
	EndGlobalSection
	GlobalSection(ExtensibilityGlobals) = postSolution
		SolutionGuid = {5F1EC832-6498-4AD4-ABD7-6655B28CE989}
	EndGlobalSection
EndGlobal
